
Microsoft Visual Studio Solution File, Format Version 12.00
# Visual Studio Version 17
VisualStudioVersion = 17.9.34701.34
MinimumVisualStudioVersion = 10.0.40219.1
Project("{FAE04EC0-301F-11D3-BF4B-00C04F79EFBC}") = "theaterproject", "theaterproject.csproj", "{3C3B90C4-42A0-4C9A-A03F-6071A8C4FDF1}"
EndProject
Global
	GlobalSection(SolutionConfigurationPlatforms) = preSolution
		Debug|Any CPU = Debug|Any CPU
		Release|Any CPU = Release|Any CPU
	EndGlobalSection
	GlobalSection(ProjectConfigurationPlatforms) = postSolution
		{3C3B90C4-42A0-4C9A-A03F-6071A8C4FDF1}.Debug|Any CPU.ActiveCfg = Debug|Any CPU
		{3C3B90C4-42A0-4C9A-A03F-6071A8C4FDF1}.Debug|Any CPU.Build.0 = Debug|Any CPU
		{3C3B90C4-42A0-4C9A-A03F-6071A8C4FDF1}.Release|Any CPU.ActiveCfg = Release|Any CPU
		{3C3B90C4-42A0-4C9A-A03F-6071A8C4FDF1}.Release|Any CPU.Build.0 = Release|Any CPU
	EndGlobalSection
	GlobalSection(SolutionProperties) = preSolution
		HideSolutionNode = FALSE
	EndGlobalSection
	GlobalSection(ExtensibilityGlobals) = postSolution
		SolutionGuid = {CB9DE1C5-84FB-4E1E-B485-279A5810BD3E}
	EndGlobalSection
EndGlobal
